
Microsoft Visual Studio Solution File, Format Version 12.00
# Visual Studio 15
VisualStudioVersion = 15.0.28307.1778
MinimumVisualStudioVersion = 10.0.40219.1
Project("{FAE04EC0-301F-11D3-BF4B-00C04F79EFBC}") = "webscraping", "webscraping\webscraping.csproj", "{5FE750AB-437F-4503-8BF6-C62AB1AFA93E}"
EndProject
Global
	GlobalSection(SolutionConfigurationPlatforms) = preSolution
		Debug|Any CPU = Debug|Any CPU
		Release|Any CPU = Release|Any CPU
	EndGlobalSection
	GlobalSection(ProjectConfigurationPlatforms) = postSolution
		{5FE750AB-437F-4503-8BF6-C62AB1AFA93E}.Debug|Any CPU.ActiveCfg = Debug|Any CPU
		{5FE750AB-437F-4503-8BF6-C62AB1AFA93E}.Debug|Any CPU.Build.0 = Debug|Any CPU
		{5FE750AB-437F-4503-8BF6-C62AB1AFA93E}.Release|Any CPU.ActiveCfg = Release|Any CPU
		{5FE750AB-437F-4503-8BF6-C62AB1AFA93E}.Release|Any CPU.Build.0 = Release|Any CPU
	EndGlobalSection
	GlobalSection(SolutionProperties) = preSolution
		HideSolutionNode = FALSE
	EndGlobalSection
	GlobalSection(ExtensibilityGlobals) = postSolution
		SolutionGuid = {E70918E2-97AB-4BFF-9652-DFF3663838AF}
	EndGlobalSection
EndGlobal
